
Microsoft Visual Studio Solution File, Format Version 12.00
# Visual Studio Version 16
VisualStudioVersion = 16.0.31129.286
MinimumVisualStudioVersion = 10.0.40219.1
Project("{FAE04EC0-301F-11D3-BF4B-00C04F79EFBC}") = "AppQuanLyDaiLy", "AppQuanLyDaiLy\AppQuanLyDaiLy.csproj", "{91CBE5D4-EDD7-4022-99F2-C51AAFA76CA7}"
EndProject
Global
	GlobalSection(SolutionConfigurationPlatforms) = preSolution
		Debug|Any CPU = Debug|Any CPU
		Release|Any CPU = Release|Any CPU
	EndGlobalSection
	GlobalSection(ProjectConfigurationPlatforms) = postSolution
		{91CBE5D4-EDD7-4022-99F2-C51AAFA76CA7}.Debug|Any CPU.ActiveCfg = Debug|Any CPU
		{91CBE5D4-EDD7-4022-99F2-C51AAFA76CA7}.Debug|Any CPU.Build.0 = Debug|Any CPU
		{91CBE5D4-EDD7-4022-99F2-C51AAFA76CA7}.Release|Any CPU.ActiveCfg = Release|Any CPU
		{91CBE5D4-EDD7-4022-99F2-C51AAFA76CA7}.Release|Any CPU.Build.0 = Release|Any CPU
	EndGlobalSection
	GlobalSection(SolutionProperties) = preSolution
		HideSolutionNode = FALSE
	EndGlobalSection
	GlobalSection(ExtensibilityGlobals) = postSolution
		SolutionGuid = {409EDD0C-EC2A-4A0E-BE01-CFE3F4BF81FA}
	EndGlobalSection
EndGlobal
