
Microsoft Visual Studio Solution File, Format Version 12.00
# Visual Studio Version 16
VisualStudioVersion = 16.0.30907.101
MinimumVisualStudioVersion = 10.0.40219.1
Project("{FAE04EC0-301F-11D3-BF4B-00C04F79EFBC}") = "QuanLyDaiLyMVVM", "QuanLyDaiLyMVVM\QuanLyDaiLyMVVM.csproj", "{6A11E3D1-1DF3-4153-8649-CF5369DE476D}"
EndProject
Global
	GlobalSection(SolutionConfigurationPlatforms) = preSolution
		Debug|Any CPU = Debug|Any CPU
		Release|Any CPU = Release|Any CPU
	EndGlobalSection
	GlobalSection(ProjectConfigurationPlatforms) = postSolution
		{6A11E3D1-1DF3-4153-8649-CF5369DE476D}.Debug|Any CPU.ActiveCfg = Debug|Any CPU
		{6A11E3D1-1DF3-4153-8649-CF5369DE476D}.Debug|Any CPU.Build.0 = Debug|Any CPU
		{6A11E3D1-1DF3-4153-8649-CF5369DE476D}.Release|Any CPU.ActiveCfg = Release|Any CPU
		{6A11E3D1-1DF3-4153-8649-CF5369DE476D}.Release|Any CPU.Build.0 = Release|Any CPU
	EndGlobalSection
	GlobalSection(SolutionProperties) = preSolution
		HideSolutionNode = FALSE
	EndGlobalSection
	GlobalSection(ExtensibilityGlobals) = postSolution
		SolutionGuid = {90BB3FE5-D825-4020-AE54-239AB31D5C08}
	EndGlobalSection
EndGlobal
